// !$*UTF8*$!
{
	archiveVersion = 1;
	classes = {
	};
	objectVersion = 56;
	objects = {

/* Begin PBXBuildFile section */
		A1B2C3D41E2F304152637512 /* Sparkle in Frameworks */ = {isa = PBXBuildFile; productRef = A1B2C3D41E2F304152637530 /* Sparkle */; };
		A1B2C3D41E2F304152637481 /* KillEverybodyAppApp.swift in Sources */ = {isa = PBXBuildFile; fileRef = A1B2C3D41E2F304152637491 /* KillEverybodyAppApp.swift */; };
		A1B2C3D41E2F304152637513 /* AppDelegate.swift in Sources */ = {isa = PBXBuildFile; fileRef = A1B2C3D41E2F304152637522 /* AppDelegate.swift */; };
		A1B2C3D41E2F304152637482 /* ContentView.swift in Sources */ = {isa = PBXBuildFile; fileRef = A1B2C3D41E2F304152637492 /* ContentView.swift */; };
		A1B2C3D41E2F304152637483 /* SettingsStore.swift in Sources */ = {isa = PBXBuildFile; fileRef = A1B2C3D41E2F304152637493 /* SettingsStore.swift */; };
		A1B2C3D41E2F304152637484 /* DenyList.swift in Sources */ = {isa = PBXBuildFile; fileRef = A1B2C3D41E2F304152637494 /* DenyList.swift */; };
		A1B2C3D41E2F304152637485 /* PlistHelpers.swift in Sources */ = {isa = PBXBuildFile; fileRef = A1B2C3D41E2F304152637495 /* PlistHelpers.swift */; };
		A1B2C3D41E2F304152637486 /* ProcessEnumerator.swift in Sources */ = {isa = PBXBuildFile; fileRef = A1B2C3D41E2F304152637496 /* ProcessEnumerator.swift */; };
		A1B2C3D41E2F304152637487 /* KillExecutor.swift in Sources */ = {isa = PBXBuildFile; fileRef = A1B2C3D41E2F304152637497 /* KillExecutor.swift */; };
		A1B2C3D41E2F304152637488 /* Assets.xcassets in Resources */ = {isa = PBXBuildFile; fileRef = A1B2C3D41E2F304152637498 /* Assets.xcassets */; };
		A1B2C3D41E2F304152637510 /* MenubarProtectionPresets.swift in Sources */ = {isa = PBXBuildFile; fileRef = A1B2C3D41E2F304152637520 /* MenubarProtectionPresets.swift */; };
		A1B2C3D41E2F304152637511 /* PolicyDocument.swift in Sources */ = {isa = PBXBuildFile; fileRef = A1B2C3D41E2F304152637521 /* PolicyDocument.swift */; };
/* End PBXBuildFile section */

/* Begin PBXFileReference section */
		A1B2C3D41E2F304152637490 /* killeverybody.app */ = {isa = PBXFileReference; explicitFileType = wrapper.application; includeInIndex = 0; path = killeverybody.app; sourceTree = BUILT_PRODUCTS_DIR; };
		A1B2C3D41E2F304152637491 /* KillEverybodyAppApp.swift */ = {isa = PBXFileReference; lastKnownFileType = sourcecode.swift; path = KillEverybodyAppApp.swift; sourceTree = "<group>"; };
		A1B2C3D41E2F304152637522 /* AppDelegate.swift */ = {isa = PBXFileReference; lastKnownFileType = sourcecode.swift; path = AppDelegate.swift; sourceTree = "<group>"; };
		A1B2C3D41E2F304152637492 /* ContentView.swift */ = {isa = PBXFileReference; lastKnownFileType = sourcecode.swift; path = ContentView.swift; sourceTree = "<group>"; };
		A1B2C3D41E2F304152637493 /* SettingsStore.swift */ = {isa = PBXFileReference; lastKnownFileType = sourcecode.swift; path = SettingsStore.swift; sourceTree = "<group>"; };
		A1B2C3D41E2F304152637494 /* DenyList.swift */ = {isa = PBXFileReference; lastKnownFileType = sourcecode.swift; path = DenyList.swift; sourceTree = "<group>"; };
		A1B2C3D41E2F304152637495 /* PlistHelpers.swift */ = {isa = PBXFileReference; lastKnownFileType = sourcecode.swift; path = PlistHelpers.swift; sourceTree = "<group>"; };
		A1B2C3D41E2F304152637496 /* ProcessEnumerator.swift */ = {isa = PBXFileReference; lastKnownFileType = sourcecode.swift; path = ProcessEnumerator.swift; sourceTree = "<group>"; };
		A1B2C3D41E2F304152637497 /* KillExecutor.swift */ = {isa = PBXFileReference; lastKnownFileType = sourcecode.swift; path = KillExecutor.swift; sourceTree = "<group>"; };
		A1B2C3D41E2F304152637498 /* Assets.xcassets */ = {isa = PBXFileReference; lastKnownFileType = folder.assetcatalog; path = Assets.xcassets; sourceTree = "<group>"; };
		A1B2C3D41E2F304152637499 /* KillEverybodyApp.entitlements */ = {isa = PBXFileReference; lastKnownFileType = text.plist.entitlements; path = KillEverybodyApp.entitlements; sourceTree = "<group>"; };
		A1B2C3D41E2F304152637520 /* MenubarProtectionPresets.swift */ = {isa = PBXFileReference; lastKnownFileType = sourcecode.swift; path = MenubarProtectionPresets.swift; sourceTree = "<group>"; };
		A1B2C3D41E2F304152637521 /* PolicyDocument.swift */ = {isa = PBXFileReference; lastKnownFileType = sourcecode.swift; path = PolicyDocument.swift; sourceTree = "<group>"; };
/* End PBXFileReference section */

/* Begin PBXFrameworksBuildPhase section */
		A1B2C3D41E2F3041526374A2 /* Frameworks */ = {
			isa = PBXFrameworksBuildPhase;
			buildActionMask = 2147483647;
			files = (
				A1B2C3D41E2F304152637512 /* Sparkle in Frameworks */,
			);
			runOnlyForDeploymentPostprocessing = 0;
		};
/* End PBXFrameworksBuildPhase section */

/* Begin PBXShellScriptBuildPhase section */
		A1B2C3D41E2F3041526374B4 /* Embed Sparkle.framework */ = {
			isa = PBXShellScriptBuildPhase;
			alwaysOutOfDate = 1;
			buildActionMask = 2147483647;
			files = (
			);
			inputFileListPaths = (
			);
			inputPaths = (
			);
			name = "Embed Sparkle.framework";
			outputFileListPaths = (
			);
			outputPaths = (
			);
			runOnlyForDeploymentPostprocessing = 0;
			shellPath = /bin/sh;
			shellScript = "\"${PROJECT_DIR}/../scripts/embed-sparkle-framework.sh\"\n";
		};
/* End PBXShellScriptBuildPhase section */

/* Begin PBXGroup section */
		A1B2C3D41E2F3041526374A0 = {
			isa = PBXGroup;
			children = (
				A1B2C3D41E2F3041526374A1 /* KillEverybodyApp */,
				A1B2C3D41E2F3041526374A3 /* Products */,
			);
			sourceTree = "<group>";
		};
		A1B2C3D41E2F3041526374A1 /* KillEverybodyApp */ = {
			isa = PBXGroup;
			children = (
				A1B2C3D41E2F304152637491 /* KillEverybodyAppApp.swift */,
				A1B2C3D41E2F304152637522 /* AppDelegate.swift */,
				A1B2C3D41E2F304152637492 /* ContentView.swift */,
				A1B2C3D41E2F304152637493 /* SettingsStore.swift */,
				A1B2C3D41E2F304152637494 /* DenyList.swift */,
				A1B2C3D41E2F304152637495 /* PlistHelpers.swift */,
				A1B2C3D41E2F304152637496 /* ProcessEnumerator.swift */,
				A1B2C3D41E2F304152637497 /* KillExecutor.swift */,
				A1B2C3D41E2F304152637520 /* MenubarProtectionPresets.swift */,
				A1B2C3D41E2F304152637521 /* PolicyDocument.swift */,
				A1B2C3D41E2F304152637498 /* Assets.xcassets */,
				A1B2C3D41E2F304152637499 /* KillEverybodyApp.entitlements */,
			);
			path = KillEverybodyApp;
			sourceTree = "<group>";
		};
		A1B2C3D41E2F3041526374A3 /* Products */ = {
			isa = PBXGroup;
			children = (
				A1B2C3D41E2F304152637490 /* killeverybody.app */,
			);
			name = Products;
			sourceTree = "<group>";
		};
/* End PBXGroup section */

/* Begin PBXNativeTarget section */
		A1B2C3D41E2F3041526374B0 /* KillEverybodyApp */ = {
			isa = PBXNativeTarget;
			buildConfigurationList = A1B2C3D41E2F3041526374C1 /* Build configuration list for PBXNativeTarget "KillEverybodyApp" */;
			buildPhases = (
				A1B2C3D41E2F3041526374B1 /* Sources */,
				A1B2C3D41E2F3041526374A2 /* Frameworks */,
				A1B2C3D41E2F3041526374B4 /* Embed Sparkle.framework */,
				A1B2C3D41E2F3041526374B2 /* Resources */,
			);
			buildRules = (
			);
			dependencies = (
			);
			name = KillEverybodyApp;
			packageProductDependencies = (
				A1B2C3D41E2F304152637530 /* Sparkle */,
			);
			productName = KillEverybodyApp;
			productReference = A1B2C3D41E2F304152637490 /* killeverybody.app */;
			productType = "com.apple.product-type.application";
		};
/* End PBXNativeTarget section */

/* Begin PBXProject section */
		A1B2C3D41E2F3041526374C0 /* Project object */ = {
			isa = PBXProject;
			attributes = {
				BuildIndependentTargetsInParallel = 1;
				LastSwiftUpdateCheck = 1500;
				LastUpgradeCheck = 1500;
				TargetAttributes = {
					A1B2C3D41E2F3041526374B0 = {
						CreatedOnToolsVersion = 15.0;
					};
				};
			};
			buildConfigurationList = A1B2C3D41E2F3041526374D0 /* Build configuration list for PBXProject "KillEverybodyApp" */;
			compatibilityVersion = "Xcode 14.0";
			developmentRegion = en;
			hasScannedForEncodings = 0;
			knownRegions = (
				en,
				Base,
			);
			mainGroup = A1B2C3D41E2F3041526374A0;
			packageReferences = (
				A1B2C3D41E2F304152637540 /* XCRemoteSwiftPackageReference "Sparkle" */,
			);
			productRefGroup = A1B2C3D41E2F3041526374A3 /* Products */;
			projectDirPath = "";
			projectRoot = "";
			targets = (
				A1B2C3D41E2F3041526374B0 /* KillEverybodyApp */,
			);
		};
/* End PBXProject section */

/* Begin PBXResourcesBuildPhase section */
		A1B2C3D41E2F3041526374B2 /* Resources */ = {
			isa = PBXResourcesBuildPhase;
			buildActionMask = 2147483647;
			files = (
				A1B2C3D41E2F304152637488 /* Assets.xcassets in Resources */,
			);
			runOnlyForDeploymentPostprocessing = 0;
		};
/* End PBXResourcesBuildPhase section */

/* Begin PBXSourcesBuildPhase section */
		A1B2C3D41E2F3041526374B1 /* Sources */ = {
			isa = PBXSourcesBuildPhase;
			buildActionMask = 2147483647;
			files = (
				A1B2C3D41E2F304152637481 /* KillEverybodyAppApp.swift in Sources */,
				A1B2C3D41E2F304152637513 /* AppDelegate.swift in Sources */,
				A1B2C3D41E2F304152637482 /* ContentView.swift in Sources */,
				A1B2C3D41E2F304152637483 /* SettingsStore.swift in Sources */,
				A1B2C3D41E2F304152637484 /* DenyList.swift in Sources */,
				A1B2C3D41E2F304152637485 /* PlistHelpers.swift in Sources */,
				A1B2C3D41E2F304152637486 /* ProcessEnumerator.swift in Sources */,
				A1B2C3D41E2F304152637487 /* KillExecutor.swift in Sources */,
				A1B2C3D41E2F304152637510 /* MenubarProtectionPresets.swift in Sources */,
				A1B2C3D41E2F304152637511 /* PolicyDocument.swift in Sources */,
			);
			runOnlyForDeploymentPostprocessing = 0;
		};
/* End PBXSourcesBuildPhase section */

/* Begin XCBuildConfiguration section */
		A1B2C3D41E2F3041526374E0 /* Debug */ = {
			isa = XCBuildConfiguration;
			buildSettings = {
				ALWAYS_SEARCH_USER_PATHS = NO;
				ASSETCATALOG_COMPILER_GENERATE_SWIFT_ASSET_SYMBOL_EXTENSIONS = YES;
				CLANG_ANALYZER_NONNULL = YES;
				CLANG_ANALYZER_NUMBER_OBJECT_CONVERSION = YES_AGGRESSIVE;
				CLANG_CXX_LANGUAGE_STANDARD = "gnu++20";
				CLANG_ENABLE_MODULES = YES;
				CLANG_ENABLE_OBJC_ARC = YES;
				CLANG_ENABLE_OBJC_WEAK = YES;
				CLANG_WARN_BLOCK_CAPTURE_AUTORELEASING = YES;
				CLANG_WARN_BOOL_CONVERSION = YES;
				CLANG_WARN_COMMA = YES;
				CLANG_WARN_CONSTANT_CONVERSION = YES;
				CLANG_WARN_DEPRECATED_OBJC_IMPLEMENTATIONS = YES;
				CLANG_WARN_DIRECT_OBJC_ISA_USAGE = YES_ERROR;
				CLANG_WARN_DOCUMENTATION_COMMENTS = YES;
				CLANG_WARN_EMPTY_BODY = YES;
				CLANG_WARN_ENUM_CONVERSION = YES;
				CLANG_WARN_INFINITE_RECURSION = YES;
				CLANG_WARN_INT_CONVERSION = YES;
				CLANG_WARN_NON_LITERAL_NULL_CONVERSION = YES;
				CLANG_WARN_OBJC_IMPLICIT_RETAIN_SELF = YES;
				CLANG_WARN_OBJC_LITERAL_CONVERSION = YES;
				CLANG_WARN_OBJC_ROOT_CLASS = YES_ERROR;
				CLANG_WARN_QUOTED_INCLUDE_IN_FRAMEWORK_HEADER = YES;
				CLANG_WARN_RANGE_LOOP_ANALYSIS = YES;
				CLANG_WARN_STRICT_PROTOTYPES = YES;
				CLANG_WARN_SUSPICIOUS_MOVE = YES;
				CLANG_WARN_UNGUARDED_AVAILABILITY = YES_AGGRESSIVE;
				CLANG_WARN_UNREACHABLE_CODE = YES;
				CLANG_WARN__DUPLICATE_METHOD_MATCH = YES;
				COPY_PHASE_STRIP = NO;
				DEBUG_INFORMATION_FORMAT = dwarf;
				ENABLE_STRICT_OBJC_MSGSEND = YES;
				ENABLE_TESTABILITY = YES;
				ENABLE_USER_SCRIPT_SANDBOXING = YES;
				GCC_C_LANGUAGE_STANDARD = gnu17;
				GCC_DYNAMIC_NO_PIC = NO;
				GCC_NO_COMMON_BLOCKS = YES;
				GCC_OPTIMIZATION_LEVEL = 0;
				GCC_PREPROCESSOR_DEFINITIONS = (
					"DEBUG=1",
					"$(inherited)",
				);
				GCC_WARN_64_TO_32_BIT_CONVERSION = YES;
				GCC_WARN_ABOUT_RETURN_TYPE = YES_ERROR;
				GCC_WARN_UNDECLARED_SELECTOR = YES;
				GCC_WARN_UNINITIALIZED_AUTOS = YES_AGGRESSIVE;
				GCC_WARN_UNUSED_FUNCTION = YES;
				GCC_WARN_UNUSED_VARIABLE = YES;
				LOCALIZATION_PREFERS_STRING_CATALOGS = YES;
				MACOSX_DEPLOYMENT_TARGET = 13.0;
				MTL_ENABLE_DEBUG_INFO = INCLUDE_SOURCE;
				MTL_FAST_MATH = YES;
				ONLY_ACTIVE_ARCH = YES;
				SDKROOT = macosx;
				SWIFT_ACTIVE_COMPILATION_CONDITIONS = "DEBUG $(inherited)";
				SWIFT_OPTIMIZATION_LEVEL = "-Onone";
			};
			name = Debug;
		};
		A1B2C3D41E2F3041526374E1 /* Release */ = {
			isa = XCBuildConfiguration;
			buildSettings = {
				ALWAYS_SEARCH_USER_PATHS = NO;
				ASSETCATALOG_COMPILER_GENERATE_SWIFT_ASSET_SYMBOL_EXTENSIONS = YES;
				CLANG_ANALYZER_NONNULL = YES;
				CLANG_ANALYZER_NUMBER_OBJECT_CONVERSION = YES_AGGRESSIVE;
				CLANG_CXX_LANGUAGE_STANDARD = "gnu++20";
				CLANG_ENABLE_MODULES = YES;
				CLANG_ENABLE_OBJC_ARC = YES;
				CLANG_ENABLE_OBJC_WEAK = YES;
				CLANG_WARN_BLOCK_CAPTURE_AUTORELEASING = YES;
				CLANG_WARN_BOOL_CONVERSION = YES;
				CLANG_WARN_COMMA = YES;
				CLANG_WARN_CONSTANT_CONVERSION = YES;
				CLANG_WARN_DEPRECATED_OBJC_IMPLEMENTATIONS = YES;
				CLANG_WARN_DIRECT_OBJC_ISA_USAGE = YES_ERROR;
				CLANG_WARN_DOCUMENTATION_COMMENTS = YES;
				CLANG_WARN_EMPTY_BODY = YES;
				CLANG_WARN_ENUM_CONVERSION = YES;
				CLANG_WARN_INFINITE_RECURSION = YES;
				CLANG_WARN_INT_CONVERSION = YES;
				CLANG_WARN_NON_LITERAL_NULL_CONVERSION = YES;
				CLANG_WARN_OBJC_IMPLICIT_RETAIN_SELF = YES;
				CLANG_WARN_OBJC_LITERAL_CONVERSION = YES;
				CLANG_WARN_OBJC_ROOT_CLASS = YES_ERROR;
				CLANG_WARN_QUOTED_INCLUDE_IN_FRAMEWORK_HEADER = YES;
				CLANG_WARN_RANGE_LOOP_ANALYSIS = YES;
				CLANG_WARN_STRICT_PROTOTYPES = YES;
				CLANG_WARN_SUSPICIOUS_MOVE = YES;
				CLANG_WARN_UNGUARDED_AVAILABILITY = YES_AGGRESSIVE;
				CLANG_WARN_UNREACHABLE_CODE = YES;
				CLANG_WARN__DUPLICATE_METHOD_MATCH = YES;
				COPY_PHASE_STRIP = NO;
				DEBUG_INFORMATION_FORMAT = "dwarf-with-dsym";
				ENABLE_NS_ASSERTIONS = NO;
				ENABLE_STRICT_OBJC_MSGSEND = YES;
				ENABLE_USER_SCRIPT_SANDBOXING = YES;
				GCC_C_LANGUAGE_STANDARD = gnu17;
				GCC_NO_COMMON_BLOCKS = YES;
				GCC_WARN_64_TO_32_BIT_CONVERSION = YES;
				GCC_WARN_ABOUT_RETURN_TYPE = YES_ERROR;
				GCC_WARN_UNDECLARED_SELECTOR = YES;
				GCC_WARN_UNINITIALIZED_AUTOS = YES_AGGRESSIVE;
				GCC_WARN_UNUSED_FUNCTION = YES;
				GCC_WARN_UNUSED_VARIABLE = YES;
				LOCALIZATION_PREFERS_STRING_CATALOGS = YES;
				MACOSX_DEPLOYMENT_TARGET = 13.0;
				MTL_ENABLE_DEBUG_INFO = NO;
				MTL_FAST_MATH = YES;
				SDKROOT = macosx;
				SWIFT_COMPILATION_MODE = wholemodule;
			};
			name = Release;
		};
		A1B2C3D41E2F3041526374F0 /* Debug */ = {
			isa = XCBuildConfiguration;
			buildSettings = {
				ASSETCATALOG_COMPILER_APPICON_NAME = AppIcon;
				ASSETCATALOG_COMPILER_GLOBAL_ACCENT_COLOR_NAME = AccentColor;
				CODE_SIGN_ENTITLEMENTS = KillEverybodyApp/KillEverybodyApp.entitlements;
				CODE_SIGN_STYLE = Automatic;
				COMBINE_HIDPI_IMAGES = YES;
				CURRENT_PROJECT_VERSION = 7;
				DEVELOPMENT_ASSET_PATHS = "";
				ENABLE_HARDENED_RUNTIME = YES;
				ENABLE_PREVIEWS = YES;
				GENERATE_INFOPLIST_FILE = YES;
				INFOPLIST_KEY_CFBundleDisplayName = killeverybody;
				INFOPLIST_KEY_CFBundleIconName = AppIcon;
				INFOPLIST_KEY_CFBundleName = killeverybody;
				INFOPLIST_KEY_LSApplicationCategoryType = "public.app-category.utilities";
				INFOPLIST_KEY_NSHumanReadableCopyright = "";
				INFOPLIST_KEY_SUEnableAutomaticChecks = YES;
				INFOPLIST_KEY_SUScheduledCheckInterval = 86400;
				INFOPLIST_KEY_SUFeedURL = "https://github.com/devuterian/killeverybody/releases/latest/download/appcast.xml";
				INFOPLIST_KEY_SUPublicEDKey = "StBPiQgFSp+PdORFHtpKc+uNQh+VLqW3k2v/ZEYtR5g=";
				LD_RUNPATH_SEARCH_PATHS = (
					"$(inherited)",
					"@executable_path/../Frameworks",
				);
				MARKETING_VERSION = 2.0.0;
				PRODUCT_BUNDLE_IDENTIFIER = com.github.LPFchan.KillEverybody;
				PRODUCT_NAME = killeverybody;
				SWIFT_EMIT_LOC_STRINGS = YES;
				SWIFT_VERSION = 5.0;
			};
			name = Debug;
		};
		A1B2C3D41E2F3041526374F1 /* Release */ = {
			isa = XCBuildConfiguration;
			buildSettings = {
				ASSETCATALOG_COMPILER_APPICON_NAME = AppIcon;
				ASSETCATALOG_COMPILER_GLOBAL_ACCENT_COLOR_NAME = AccentColor;
				CODE_SIGN_ENTITLEMENTS = KillEverybodyApp/KillEverybodyApp.entitlements;
				CODE_SIGN_STYLE = Automatic;
				COMBINE_HIDPI_IMAGES = YES;
				CURRENT_PROJECT_VERSION = 7;
				DEVELOPMENT_ASSET_PATHS = "";
				ENABLE_HARDENED_RUNTIME = YES;
				ENABLE_PREVIEWS = YES;
				GENERATE_INFOPLIST_FILE = YES;
				INFOPLIST_KEY_CFBundleDisplayName = killeverybody;
				INFOPLIST_KEY_CFBundleIconName = AppIcon;
				INFOPLIST_KEY_CFBundleName = killeverybody;
				INFOPLIST_KEY_LSApplicationCategoryType = "public.app-category.utilities";
				INFOPLIST_KEY_NSHumanReadableCopyright = "";
				INFOPLIST_KEY_SUEnableAutomaticChecks = YES;
				INFOPLIST_KEY_SUScheduledCheckInterval = 86400;
				INFOPLIST_KEY_SUFeedURL = "https://github.com/devuterian/killeverybody/releases/latest/download/appcast.xml";
				INFOPLIST_KEY_SUPublicEDKey = "StBPiQgFSp+PdORFHtpKc+uNQh+VLqW3k2v/ZEYtR5g=";
				LD_RUNPATH_SEARCH_PATHS = (
					"$(inherited)",
					"@executable_path/../Frameworks",
				);
				MARKETING_VERSION = 2.0.0;
				PRODUCT_BUNDLE_IDENTIFIER = com.github.LPFchan.KillEverybody;
				PRODUCT_NAME = killeverybody;
				SWIFT_EMIT_LOC_STRINGS = YES;
				SWIFT_VERSION = 5.0;
			};
			name = Release;
		};
/* End XCBuildConfiguration section */

/* Begin XCConfigurationList section */
		A1B2C3D41E2F3041526374C1 /* Build configuration list for PBXNativeTarget "KillEverybodyApp" */ = {
			isa = XCConfigurationList;
			buildConfigurations = (
				A1B2C3D41E2F3041526374F0 /* Debug */,
				A1B2C3D41E2F3041526374F1 /* Release */,
			);
			defaultConfigurationIsVisible = 0;
			defaultConfigurationName = Release;
		};
		A1B2C3D41E2F3041526374D0 /* Build configuration list for PBXProject "KillEverybodyApp" */ = {
			isa = XCConfigurationList;
			buildConfigurations = (
				A1B2C3D41E2F3041526374E0 /* Debug */,
				A1B2C3D41E2F3041526374E1 /* Release */,
			);
			defaultConfigurationIsVisible = 0;
			defaultConfigurationName = Release;
		};
/* End XCConfigurationList section */

/* Begin XCRemoteSwiftPackageReference section */
		A1B2C3D41E2F304152637540 /* XCRemoteSwiftPackageReference "Sparkle" */ = {
			isa = XCRemoteSwiftPackageReference;
			repositoryURL = "https://github.com/sparkle-project/Sparkle";
			requirement = {
				kind = upToNextMajorVersion;
				minimumVersion = 2.6.4;
			};
		};
/* End XCRemoteSwiftPackageReference section */

/* Begin XCSwiftPackageProductDependency section */
		A1B2C3D41E2F304152637530 /* Sparkle */ = {
			isa = XCSwiftPackageProductDependency;
			package = A1B2C3D41E2F304152637540 /* XCRemoteSwiftPackageReference "Sparkle" */;
			productName = Sparkle;
		};
/* End XCSwiftPackageProductDependency section */
	};
	rootObject = A1B2C3D41E2F3041526374C0 /* Project object */;
}
